
Microsoft Visual Studio Solution File, Format Version 12.00
# Visual Studio Version 16
VisualStudioVersion = 16.0.34031.81
MinimumVisualStudioVersion = 10.0.40219.1
Project("{FAE04EC0-301F-11D3-BF4B-00C04F79EFBC}") = "GoMore_Project_Test3", "GoMore_Project_Test3\GoMore_Project_Test3.csproj", "{B5879C2B-53A8-4D5D-B280-506BBF5A82B1}"
EndProject
Global
	GlobalSection(SolutionConfigurationPlatforms) = preSolution
		Debug|Any CPU = Debug|Any CPU
		Release|Any CPU = Release|Any CPU
	EndGlobalSection
	GlobalSection(ProjectConfigurationPlatforms) = postSolution
		{B5879C2B-53A8-4D5D-B280-506BBF5A82B1}.Debug|Any CPU.ActiveCfg = Debug|Any CPU
		{B5879C2B-53A8-4D5D-B280-506BBF5A82B1}.Debug|Any CPU.Build.0 = Debug|Any CPU
		{B5879C2B-53A8-4D5D-B280-506BBF5A82B1}.Release|Any CPU.ActiveCfg = Release|Any CPU
		{B5879C2B-53A8-4D5D-B280-506BBF5A82B1}.Release|Any CPU.Build.0 = Release|Any CPU
	EndGlobalSection
	GlobalSection(SolutionProperties) = preSolution
		HideSolutionNode = FALSE
	EndGlobalSection
	GlobalSection(ExtensibilityGlobals) = postSolution
		SolutionGuid = {541D326F-59D9-4BD5-A6E5-1B012F6056A0}
	EndGlobalSection
EndGlobal
